{
  "name": "group-initiative",
  "version": "1.0.0",
  "lockfileVersion": 1,
  "requires": true,
  "dependencies": {
    "@types/jquery": {
      "version": "3.3.34",
      "resolved": "https://registry.npmjs.org/@types/jquery/-/jquery-3.3.34.tgz",
      "integrity": "sha512-lW9vsVL53Xu/Nj4gi2hNmHGc4u3KKghjqTkAlO0kF5GIOPxbqqnQpgqJBzmn3yXLrPqHb6cmNJ6URnS23Vtvbg==",
      "dev": true,
      "requires": {
        "@types/sizzle": "*"
      }
    },
    "@types/node": {
      "version": "13.11.0",
      "resolved": "https://registry.npmjs.org/@types/node/-/node-13.11.0.tgz",
      "integrity": "sha512-uM4mnmsIIPK/yeO+42F2RQhGUIs39K2RFmugcJANppXe6J1nvH87PvzPZYpza7Xhhs8Yn9yIAVdLZ84z61+0xQ==",
      "dev": true
    },
    "@types/sizzle": {
      "version": "2.3.2",
      "resolved": "https://registry.npmjs.org/@types/sizzle/-/sizzle-2.3.2.tgz",
      "integrity": "sha512-7EJYyKTL7tFR8+gDbB6Wwz/arpGa0Mywk1TJbNzKzHtzbwVmY4HR9WqS5VV7dsBUKQmPNr192jHr/VpBluj/hg==",
      "dev": true
    },
    "@types/socket.io": {
      "version": "2.1.4",
      "resolved": "https://registry.npmjs.org/@types/socket.io/-/socket.io-2.1.4.tgz",
      "integrity": "sha512-cI98INy7tYnweTsUlp8ocveVdAxENUThO0JsLSCs51cjOP2yV5Mqo5QszMDPckyRRA+PO6+wBgKvGvHUCc23TQ==",
      "dev": true,
      "requires": {
        "@types/node": "*"
      }
    },
    "foundry-pc-types": {
      "version": "gitlab:foundry-projects/foundry-pc/foundry-pc-types#b0eddd1d1bb95db92eb70307ed19edb642f63084",
      "from": "gitlab:foundry-projects/foundry-pc/foundry-pc-types",
      "dev": true,
      "requires": {
        "@types/jquery": "^3.3.31",
        "@types/socket.io": "^2.1.4"
      }
    }
  }
}
